
Microsoft Visual Studio Solution File, Format Version 12.00
# Visual Studio 15
VisualStudioVersion = 15.0.27130.2027
MinimumVisualStudioVersion = 10.0.40219.1
Project("{FAE04EC0-301F-11D3-BF4B-00C04F79EFBC}") = "BackEnd", "BackEnd\BackEnd.csproj", "{0D63FB83-539E-439B-BA62-7DC26B26EC0C}"
EndProject
Global
	GlobalSection(SolutionConfigurationPlatforms) = preSolution
		Debug|Any CPU = Debug|Any CPU
		Release|Any CPU = Release|Any CPU
	EndGlobalSection
	GlobalSection(ProjectConfigurationPlatforms) = postSolution
		{0D63FB83-539E-439B-BA62-7DC26B26EC0C}.Debug|Any CPU.ActiveCfg = Debug|Any CPU
		{0D63FB83-539E-439B-BA62-7DC26B26EC0C}.Debug|Any CPU.Build.0 = Debug|Any CPU
		{0D63FB83-539E-439B-BA62-7DC26B26EC0C}.Release|Any CPU.ActiveCfg = Release|Any CPU
		{0D63FB83-539E-439B-BA62-7DC26B26EC0C}.Release|Any CPU.Build.0 = Release|Any CPU
	EndGlobalSection
	GlobalSection(SolutionProperties) = preSolution
		HideSolutionNode = FALSE
	EndGlobalSection
	GlobalSection(ExtensibilityGlobals) = postSolution
		SolutionGuid = {A79107C9-3FB1-45BD-97AF-BA63F7F36560}
	EndGlobalSection
EndGlobal
